
Microsoft Visual Studio Solution File, Format Version 12.00
# Visual Studio Version 17
VisualStudioVersion = 17.4.33110.190
MinimumVisualStudioVersion = 10.0.40219.1
Project("{9A19103F-16F7-4668-BE54-9A1E7A4F7556}") = "Employees.API", "Employees.API\Employees.API.csproj", "{F8C24BDC-6A10-428F-919B-00192D1CF68F}"
EndProject
Project("{9A19103F-16F7-4668-BE54-9A1E7A4F7556}") = "Employees.Core", "Employees.Core\Employees.Core.csproj", "{050DBC9D-600F-4928-9564-A0626DBFE1BF}"
EndProject
Project("{9A19103F-16F7-4668-BE54-9A1E7A4F7556}") = "Employees.Data", "Employees.Data\Employees.Data.csproj", "{8A790B8B-9D56-46D3-A910-5C7F14722B98}"
EndProject
Project("{9A19103F-16F7-4668-BE54-9A1E7A4F7556}") = "Employees.Service", "Employees.Service\Employees.Service.csproj", "{BBA3F0B5-A936-4C94-85F6-88CB44CD40C3}"
EndProject
Global
	GlobalSection(SolutionConfigurationPlatforms) = preSolution
		Debug|Any CPU = Debug|Any CPU
		Release|Any CPU = Release|Any CPU
	EndGlobalSection
	GlobalSection(ProjectConfigurationPlatforms) = postSolution
		{F8C24BDC-6A10-428F-919B-00192D1CF68F}.Debug|Any CPU.ActiveCfg = Debug|Any CPU
		{F8C24BDC-6A10-428F-919B-00192D1CF68F}.Debug|Any CPU.Build.0 = Debug|Any CPU
		{F8C24BDC-6A10-428F-919B-00192D1CF68F}.Release|Any CPU.ActiveCfg = Release|Any CPU
		{F8C24BDC-6A10-428F-919B-00192D1CF68F}.Release|Any CPU.Build.0 = Release|Any CPU
		{050DBC9D-600F-4928-9564-A0626DBFE1BF}.Debug|Any CPU.ActiveCfg = Debug|Any CPU
		{050DBC9D-600F-4928-9564-A0626DBFE1BF}.Debug|Any CPU.Build.0 = Debug|Any CPU
		{050DBC9D-600F-4928-9564-A0626DBFE1BF}.Release|Any CPU.ActiveCfg = Release|Any CPU
		{050DBC9D-600F-4928-9564-A0626DBFE1BF}.Release|Any CPU.Build.0 = Release|Any CPU
		{8A790B8B-9D56-46D3-A910-5C7F14722B98}.Debug|Any CPU.ActiveCfg = Debug|Any CPU
		{8A790B8B-9D56-46D3-A910-5C7F14722B98}.Debug|Any CPU.Build.0 = Debug|Any CPU
		{8A790B8B-9D56-46D3-A910-5C7F14722B98}.Release|Any CPU.ActiveCfg = Release|Any CPU
		{8A790B8B-9D56-46D3-A910-5C7F14722B98}.Release|Any CPU.Build.0 = Release|Any CPU
		{BBA3F0B5-A936-4C94-85F6-88CB44CD40C3}.Debug|Any CPU.ActiveCfg = Debug|Any CPU
		{BBA3F0B5-A936-4C94-85F6-88CB44CD40C3}.Debug|Any CPU.Build.0 = Debug|Any CPU
		{BBA3F0B5-A936-4C94-85F6-88CB44CD40C3}.Release|Any CPU.ActiveCfg = Release|Any CPU
		{BBA3F0B5-A936-4C94-85F6-88CB44CD40C3}.Release|Any CPU.Build.0 = Release|Any CPU
	EndGlobalSection
	GlobalSection(SolutionProperties) = preSolution
		HideSolutionNode = FALSE
	EndGlobalSection
	GlobalSection(ExtensibilityGlobals) = postSolution
		SolutionGuid = {B7E6B758-0ACD-4B84-9C36-FBDE0FEB4491}
	EndGlobalSection
EndGlobal
